// !$*UTF8*$!
{
	archiveVersion = 1;
	classes = {
	};
	objectVersion = 46;
	objects = {

/* Begin PBXBuildFile section */
		FF4BC6CD1EE4C468004A74D7 /* main.m in Sources */ = {isa = PBXBuildFile; fileRef = FF4BC6CC1EE4C468004A74D7 /* main.m */; };
		FF4BC6D51EE4C590004A74D7 /* InputHandler.m in Sources */ = {isa = PBXBuildFile; fileRef = FF4BC6D41EE4C590004A74D7 /* InputHandler.m */; };
		FF4BC6D81EE4C772004A74D7 /* Player.m in Sources */ = {isa = PBXBuildFile; fileRef = FF4BC6D71EE4C772004A74D7 /* Player.m */; };
/* End PBXBuildFile section */

/* Begin PBXCopyFilesBuildPhase section */
		FF4BC6C71EE4C468004A74D7 /* CopyFiles */ = {
			isa = PBXCopyFilesBuildPhase;
			buildActionMask = 2147483647;
			dstPath = /usr/share/man/man1/;
			dstSubfolderSpec = 0;
			files = (
			);
			runOnlyForDeploymentPostprocessing = 1;
		};
/* End PBXCopyFilesBuildPhase section */

/* Begin PBXFileReference section */
		FF4BC6C91EE4C468004A74D7 /* Snakes&Ladders */ = {isa = PBXFileReference; explicitFileType = "compiled.mach-o.executable"; includeInIndex = 0; path = "Snakes&Ladders"; sourceTree = BUILT_PRODUCTS_DIR; };
		FF4BC6CC1EE4C468004A74D7 /* main.m */ = {isa = PBXFileReference; lastKnownFileType = sourcecode.c.objc; path = main.m; sourceTree = "<group>"; };
		FF4BC6D31EE4C590004A74D7 /* InputHandler.h */ = {isa = PBXFileReference; fileEncoding = 4; lastKnownFileType = sourcecode.c.h; path = InputHandler.h; sourceTree = "<group>"; };
		FF4BC6D41EE4C590004A74D7 /* InputHandler.m */ = {isa = PBXFileReference; fileEncoding = 4; lastKnownFileType = sourcecode.c.objc; path = InputHandler.m; sourceTree = "<group>"; };
		FF4BC6D61EE4C772004A74D7 /* Player.h */ = {isa = PBXFileReference; fileEncoding = 4; lastKnownFileType = sourcecode.c.h; path = Player.h; sourceTree = "<group>"; };
		FF4BC6D71EE4C772004A74D7 /* Player.m */ = {isa = PBXFileReference; fileEncoding = 4; lastKnownFileType = sourcecode.c.objc; path = Player.m; sourceTree = "<group>"; };
/* End PBXFileReference section */

/* Begin PBXFrameworksBuildPhase section */
		FF4BC6C61EE4C468004A74D7 /* Frameworks */ = {
			isa = PBXFrameworksBuildPhase;
			buildActionMask = 2147483647;
			files = (
			);
			runOnlyForDeploymentPostprocessing = 0;
		};
/* End PBXFrameworksBuildPhase section */

/* Begin PBXGroup section */
		FF4BC6C01EE4C468004A74D7 = {
			isa = PBXGroup;
			children = (
				FF4BC6CB1EE4C468004A74D7 /* Snakes&Ladders */,
				FF4BC6CA1EE4C468004A74D7 /* Products */,
			);
			sourceTree = "<group>";
		};
		FF4BC6CA1EE4C468004A74D7 /* Products */ = {
			isa = PBXGroup;
			children = (
				FF4BC6C91EE4C468004A74D7 /* Snakes&Ladders */,
			);
			name = Products;
			sourceTree = "<group>";
		};
		FF4BC6CB1EE4C468004A74D7 /* Snakes&Ladders */ = {
			isa = PBXGroup;
			children = (
				FF4BC6CC1EE4C468004A74D7 /* main.m */,
				FF4BC6D31EE4C590004A74D7 /* InputHandler.h */,
				FF4BC6D41EE4C590004A74D7 /* InputHandler.m */,
				FF4BC6D61EE4C772004A74D7 /* Player.h */,
				FF4BC6D71EE4C772004A74D7 /* Player.m */,
			);
			path = "Snakes&Ladders";
			sourceTree = "<group>";
		};
/* End PBXGroup section */

/* Begin PBXNativeTarget section */
		FF4BC6C81EE4C468004A74D7 /* Snakes&Ladders */ = {
			isa = PBXNativeTarget;
			buildConfigurationList = FF4BC6D01EE4C468004A74D7 /* Build configuration list for PBXNativeTarget "Snakes&Ladders" */;
			buildPhases = (
				FF4BC6C51EE4C468004A74D7 /* Sources */,
				FF4BC6C61EE4C468004A74D7 /* Frameworks */,
				FF4BC6C71EE4C468004A74D7 /* CopyFiles */,
			);
			buildRules = (
			);
			dependencies = (
			);
			name = "Snakes&Ladders";
			productName = "Snakes&Ladders";
			productReference = FF4BC6C91EE4C468004A74D7 /* Snakes&Ladders */;
			productType = "com.apple.product-type.tool";
		};
/* End PBXNativeTarget section */

/* Begin PBXProject section */
		FF4BC6C11EE4C468004A74D7 /* Project object */ = {
			isa = PBXProject;
			attributes = {
				LastUpgradeCheck = 0810;
				ORGANIZATIONNAME = "Jimmy Hoang";
				TargetAttributes = {
					FF4BC6C81EE4C468004A74D7 = {
						CreatedOnToolsVersion = 8.1;
						ProvisioningStyle = Automatic;
					};
				};
			};
			buildConfigurationList = FF4BC6C41EE4C468004A74D7 /* Build configuration list for PBXProject "Snakes&Ladders" */;
			compatibilityVersion = "Xcode 3.2";
			developmentRegion = English;
			hasScannedForEncodings = 0;
			knownRegions = (
				en,
			);
			mainGroup = FF4BC6C01EE4C468004A74D7;
			productRefGroup = FF4BC6CA1EE4C468004A74D7 /* Products */;
			projectDirPath = "";
			projectRoot = "";
			targets = (
				FF4BC6C81EE4C468004A74D7 /* Snakes&Ladders */,
			);
		};
/* End PBXProject section */

/* Begin PBXSourcesBuildPhase section */
		FF4BC6C51EE4C468004A74D7 /* Sources */ = {
			isa = PBXSourcesBuildPhase;
			buildActionMask = 2147483647;
			files = (
				FF4BC6CD1EE4C468004A74D7 /* main.m in Sources */,
				FF4BC6D81EE4C772004A74D7 /* Player.m in Sources */,
				FF4BC6D51EE4C590004A74D7 /* InputHandler.m in Sources */,
			);
			runOnlyForDeploymentPostprocessing = 0;
		};
/* End PBXSourcesBuildPhase section */

/* Begin XCBuildConfiguration section */
		FF4BC6CE1EE4C468004A74D7 /* Debug */ = {
			isa = XCBuildConfiguration;
			buildSettings = {
				ALWAYS_SEARCH_USER_PATHS = NO;
				CLANG_ANALYZER_NONNULL = YES;
				CLANG_CXX_LANGUAGE_STANDARD = "gnu++0x";
				CLANG_CXX_LIBRARY = "libc++";
				CLANG_ENABLE_MODULES = YES;
				CLANG_ENABLE_OBJC_ARC = YES;
				CLANG_WARN_BOOL_CONVERSION = YES;
				CLANG_WARN_CONSTANT_CONVERSION = YES;
				CLANG_WARN_DIRECT_OBJC_ISA_USAGE = YES_ERROR;
				CLANG_WARN_DOCUMENTATION_COMMENTS = YES;
				CLANG_WARN_EMPTY_BODY = YES;
				CLANG_WARN_ENUM_CONVERSION = YES;
				CLANG_WARN_INFINITE_RECURSION = YES;
				CLANG_WARN_INT_CONVERSION = YES;
				CLANG_WARN_OBJC_ROOT_CLASS = YES_ERROR;
				CLANG_WARN_SUSPICIOUS_MOVES = YES;
				CLANG_WARN_UNREACHABLE_CODE = YES;
				CLANG_WARN__DUPLICATE_METHOD_MATCH = YES;
				CODE_SIGN_IDENTITY = "-";
				COPY_PHASE_STRIP = NO;
				DEBUG_INFORMATION_FORMAT = dwarf;
				ENABLE_STRICT_OBJC_MSGSEND = YES;
				ENABLE_TESTABILITY = YES;
				GCC_C_LANGUAGE_STANDARD = gnu99;
				GCC_DYNAMIC_NO_PIC = NO;
				GCC_NO_COMMON_BLOCKS = YES;
				GCC_OPTIMIZATION_LEVEL = 0;
				GCC_PREPROCESSOR_DEFINITIONS = (
					"DEBUG=1",
					"$(inherited)",
				);
				GCC_WARN_64_TO_32_BIT_CONVERSION = YES;
				GCC_WARN_ABOUT_RETURN_TYPE = YES_ERROR;
				GCC_WARN_UNDECLARED_SELECTOR = YES;
				GCC_WARN_UNINITIALIZED_AUTOS = YES_AGGRESSIVE;
				GCC_WARN_UNUSED_FUNCTION = YES;
				GCC_WARN_UNUSED_VARIABLE = YES;
				MACOSX_DEPLOYMENT_TARGET = 10.12;
				MTL_ENABLE_DEBUG_INFO = YES;
				ONLY_ACTIVE_ARCH = YES;
				SDKROOT = macosx;
			};
			name = Debug;
		};
		FF4BC6CF1EE4C468004A74D7 /* Release */ = {
			isa = XCBuildConfiguration;
			buildSettings = {
				ALWAYS_SEARCH_USER_PATHS = NO;
				CLANG_ANALYZER_NONNULL = YES;
				CLANG_CXX_LANGUAGE_STANDARD = "gnu++0x";
				CLANG_CXX_LIBRARY = "libc++";
				CLANG_ENABLE_MODULES = YES;
				CLANG_ENABLE_OBJC_ARC = YES;
				CLANG_WARN_BOOL_CONVERSION = YES;
				CLANG_WARN_CONSTANT_CONVERSION = YES;
				CLANG_WARN_DIRECT_OBJC_ISA_USAGE = YES_ERROR;
				CLANG_WARN_DOCUMENTATION_COMMENTS = YES;
				CLANG_WARN_EMPTY_BODY = YES;
				CLANG_WARN_ENUM_CONVERSION = YES;
				CLANG_WARN_INFINITE_RECURSION = YES;
				CLANG_WARN_INT_CONVERSION = YES;
				CLANG_WARN_OBJC_ROOT_CLASS = YES_ERROR;
				CLANG_WARN_SUSPICIOUS_MOVES = YES;
				CLANG_WARN_UNREACHABLE_CODE = YES;
				CLANG_WARN__DUPLICATE_METHOD_MATCH = YES;
				CODE_SIGN_IDENTITY = "-";
				COPY_PHASE_STRIP = NO;
				DEBUG_INFORMATION_FORMAT = "dwarf-with-dsym";
				ENABLE_NS_ASSERTIONS = NO;
				ENABLE_STRICT_OBJC_MSGSEND = YES;
				GCC_C_LANGUAGE_STANDARD = gnu99;
				GCC_NO_COMMON_BLOCKS = YES;
				GCC_WARN_64_TO_32_BIT_CONVERSION = YES;
				GCC_WARN_ABOUT_RETURN_TYPE = YES_ERROR;
				GCC_WARN_UNDECLARED_SELECTOR = YES;
				GCC_WARN_UNINITIALIZED_AUTOS = YES_AGGRESSIVE;
				GCC_WARN_UNUSED_FUNCTION = YES;
				GCC_WARN_UNUSED_VARIABLE = YES;
				MACOSX_DEPLOYMENT_TARGET = 10.12;
				MTL_ENABLE_DEBUG_INFO = NO;
				SDKROOT = macosx;
			};
			name = Release;
		};
		FF4BC6D11EE4C468004A74D7 /* Debug */ = {
			isa = XCBuildConfiguration;
			buildSettings = {
				PRODUCT_NAME = "$(TARGET_NAME)";
			};
			name = Debug;
		};
		FF4BC6D21EE4C468004A74D7 /* Release */ = {
			isa = XCBuildConfiguration;
			buildSettings = {
				PRODUCT_NAME = "$(TARGET_NAME)";
			};
			name = Release;
		};
/* End XCBuildConfiguration section */

/* Begin XCConfigurationList section */
		FF4BC6C41EE4C468004A74D7 /* Build configuration list for PBXProject "Snakes&Ladders" */ = {
			isa = XCConfigurationList;
			buildConfigurations = (
				FF4BC6CE1EE4C468004A74D7 /* Debug */,
				FF4BC6CF1EE4C468004A74D7 /* Release */,
			);
			defaultConfigurationIsVisible = 0;
			defaultConfigurationName = Release;
		};
		FF4BC6D01EE4C468004A74D7 /* Build configuration list for PBXNativeTarget "Snakes&Ladders" */ = {
			isa = XCConfigurationList;
			buildConfigurations = (
				FF4BC6D11EE4C468004A74D7 /* Debug */,
				FF4BC6D21EE4C468004A74D7 /* Release */,
			);
			defaultConfigurationIsVisible = 0;
		};
/* End XCConfigurationList section */
	};
	rootObject = FF4BC6C11EE4C468004A74D7 /* Project object */;
}
